
Microsoft Visual Studio Solution File, Format Version 12.00
# Visual Studio Version 17
VisualStudioVersion = 17.8.34330.188
MinimumVisualStudioVersion = 10.0.40219.1
Project("{9A19103F-16F7-4668-BE54-9A1E7A4F7556}") = "ScoutMod", "ScoutMod.csproj", "{6045F5B6-FD8D-461A-8C83-3612A1C1C9D6}"
EndProject
Global
	GlobalSection(SolutionConfigurationPlatforms) = preSolution
		Debug|Any CPU = Debug|Any CPU
		Release|Any CPU = Release|Any CPU
	EndGlobalSection
	GlobalSection(ProjectConfigurationPlatforms) = postSolution
		{6045F5B6-FD8D-461A-8C83-3612A1C1C9D6}.Debug|Any CPU.ActiveCfg = Debug|Any CPU
		{6045F5B6-FD8D-461A-8C83-3612A1C1C9D6}.Debug|Any CPU.Build.0 = Debug|Any CPU
		{6045F5B6-FD8D-461A-8C83-3612A1C1C9D6}.Release|Any CPU.ActiveCfg = Release|Any CPU
		{6045F5B6-FD8D-461A-8C83-3612A1C1C9D6}.Release|Any CPU.Build.0 = Release|Any CPU
	EndGlobalSection
	GlobalSection(SolutionProperties) = preSolution
		HideSolutionNode = FALSE
	EndGlobalSection
	GlobalSection(ExtensibilityGlobals) = postSolution
		SolutionGuid = {92D7C2FB-1325-4F34-BA27-5BFDBAA70488}
	EndGlobalSection
EndGlobal
